
Microsoft Visual Studio Solution File, Format Version 12.00
# Visual Studio 15
VisualStudioVersion = 15.0.28010.2003
MinimumVisualStudioVersion = 10.0.40219.1
Project("{FAE04EC0-301F-11D3-BF4B-00C04F79EFBC}") = "DesignPatterns", "DesignPatterns\DesignPatterns.csproj", "{95A90FF2-940B-4E15-9A61-0E47F5D49FBB}"
EndProject
Project("{FAE04EC0-301F-11D3-BF4B-00C04F79EFBC}") = "FactoryPattern", "FactoryPattern\FactoryPattern.csproj", "{F7CEBAD3-3512-4FA1-8315-3EAE3C631540}"
EndProject
Global
	GlobalSection(SolutionConfigurationPlatforms) = preSolution
		Debug|Any CPU = Debug|Any CPU
		Release|Any CPU = Release|Any CPU
	EndGlobalSection
	GlobalSection(ProjectConfigurationPlatforms) = postSolution
		{95A90FF2-940B-4E15-9A61-0E47F5D49FBB}.Debug|Any CPU.ActiveCfg = Debug|Any CPU
		{95A90FF2-940B-4E15-9A61-0E47F5D49FBB}.Debug|Any CPU.Build.0 = Debug|Any CPU
		{95A90FF2-940B-4E15-9A61-0E47F5D49FBB}.Release|Any CPU.ActiveCfg = Release|Any CPU
		{95A90FF2-940B-4E15-9A61-0E47F5D49FBB}.Release|Any CPU.Build.0 = Release|Any CPU
		{F7CEBAD3-3512-4FA1-8315-3EAE3C631540}.Debug|Any CPU.ActiveCfg = Debug|Any CPU
		{F7CEBAD3-3512-4FA1-8315-3EAE3C631540}.Debug|Any CPU.Build.0 = Debug|Any CPU
		{F7CEBAD3-3512-4FA1-8315-3EAE3C631540}.Release|Any CPU.ActiveCfg = Release|Any CPU
		{F7CEBAD3-3512-4FA1-8315-3EAE3C631540}.Release|Any CPU.Build.0 = Release|Any CPU
	EndGlobalSection
	GlobalSection(SolutionProperties) = preSolution
		HideSolutionNode = FALSE
	EndGlobalSection
	GlobalSection(ExtensibilityGlobals) = postSolution
		SolutionGuid = {09B5B0F8-6040-4566-9D6F-191CEB929636}
	EndGlobalSection
EndGlobal
